// !$*UTF8*$!
{
	archiveVersion = 1;
	classes = {
	};
	objectVersion = 56;
	objects = {

/* Begin PBXBuildFile section */
		EC16A1662A0EB5880053FED7 /* VegetableDetailView.swift in Sources */ = {isa = PBXBuildFile; fileRef = EC16A1652A0EB5880053FED7 /* VegetableDetailView.swift */; };
		EC5855AC2A0E734100CDBEF5 /* OnBoardingView.swift in Sources */ = {isa = PBXBuildFile; fileRef = EC5855AB2A0E734100CDBEF5 /* OnBoardingView.swift */; };
		EC5855AF2A0E757A00CDBEF5 /* VegetableModel.swift in Sources */ = {isa = PBXBuildFile; fileRef = EC5855AE2A0E757A00CDBEF5 /* VegetableModel.swift */; };
		EC5855B22A0E767E00CDBEF5 /* VegetableData.swift in Sources */ = {isa = PBXBuildFile; fileRef = EC5855B12A0E767E00CDBEF5 /* VegetableData.swift */; };
		EC5855B42A0E8A1100CDBEF5 /* VegetableRowView.swift in Sources */ = {isa = PBXBuildFile; fileRef = EC5855B32A0E8A1100CDBEF5 /* VegetableRowView.swift */; };
		ECCAF7572A0E183100FA84E5 /* ThirdAppApp.swift in Sources */ = {isa = PBXBuildFile; fileRef = ECCAF7562A0E183100FA84E5 /* ThirdAppApp.swift */; };
		ECCAF7592A0E183100FA84E5 /* ContentView.swift in Sources */ = {isa = PBXBuildFile; fileRef = ECCAF7582A0E183100FA84E5 /* ContentView.swift */; };
		ECCAF75B2A0E183300FA84E5 /* Assets.xcassets in Resources */ = {isa = PBXBuildFile; fileRef = ECCAF75A2A0E183300FA84E5 /* Assets.xcassets */; };
		ECCAF75E2A0E183300FA84E5 /* Preview Assets.xcassets in Resources */ = {isa = PBXBuildFile; fileRef = ECCAF75D2A0E183300FA84E5 /* Preview Assets.xcassets */; };
		ECCAF7672A0E22E400FA84E5 /* VegetableCardView.swift in Sources */ = {isa = PBXBuildFile; fileRef = ECCAF7662A0E22E400FA84E5 /* VegetableCardView.swift */; };
		ECCAF7692A0E2AE100FA84E5 /* StartButtonView.swift in Sources */ = {isa = PBXBuildFile; fileRef = ECCAF7682A0E2AE100FA84E5 /* StartButtonView.swift */; };
/* End PBXBuildFile section */

/* Begin PBXFileReference section */
		EC16A1652A0EB5880053FED7 /* VegetableDetailView.swift */ = {isa = PBXFileReference; lastKnownFileType = sourcecode.swift; path = VegetableDetailView.swift; sourceTree = "<group>"; };
		EC5855AB2A0E734100CDBEF5 /* OnBoardingView.swift */ = {isa = PBXFileReference; lastKnownFileType = sourcecode.swift; path = OnBoardingView.swift; sourceTree = "<group>"; };
		EC5855AE2A0E757A00CDBEF5 /* VegetableModel.swift */ = {isa = PBXFileReference; lastKnownFileType = sourcecode.swift; path = VegetableModel.swift; sourceTree = "<group>"; };
		EC5855B12A0E767E00CDBEF5 /* VegetableData.swift */ = {isa = PBXFileReference; lastKnownFileType = sourcecode.swift; path = VegetableData.swift; sourceTree = "<group>"; };
		EC5855B32A0E8A1100CDBEF5 /* VegetableRowView.swift */ = {isa = PBXFileReference; lastKnownFileType = sourcecode.swift; path = VegetableRowView.swift; sourceTree = "<group>"; };
		ECCAF7532A0E183100FA84E5 /* ThirdApp.app */ = {isa = PBXFileReference; explicitFileType = wrapper.application; includeInIndex = 0; path = ThirdApp.app; sourceTree = BUILT_PRODUCTS_DIR; };
		ECCAF7562A0E183100FA84E5 /* ThirdAppApp.swift */ = {isa = PBXFileReference; lastKnownFileType = sourcecode.swift; path = ThirdAppApp.swift; sourceTree = "<group>"; };
		ECCAF7582A0E183100FA84E5 /* ContentView.swift */ = {isa = PBXFileReference; lastKnownFileType = sourcecode.swift; path = ContentView.swift; sourceTree = "<group>"; };
		ECCAF75A2A0E183300FA84E5 /* Assets.xcassets */ = {isa = PBXFileReference; lastKnownFileType = folder.assetcatalog; path = Assets.xcassets; sourceTree = "<group>"; };
		ECCAF75D2A0E183300FA84E5 /* Preview Assets.xcassets */ = {isa = PBXFileReference; lastKnownFileType = folder.assetcatalog; path = "Preview Assets.xcassets"; sourceTree = "<group>"; };
		ECCAF7662A0E22E400FA84E5 /* VegetableCardView.swift */ = {isa = PBXFileReference; lastKnownFileType = sourcecode.swift; path = VegetableCardView.swift; sourceTree = "<group>"; };
		ECCAF7682A0E2AE100FA84E5 /* StartButtonView.swift */ = {isa = PBXFileReference; lastKnownFileType = sourcecode.swift; path = StartButtonView.swift; sourceTree = "<group>"; };
/* End PBXFileReference section */

/* Begin PBXFrameworksBuildPhase section */
		ECCAF7502A0E183100FA84E5 /* Frameworks */ = {
			isa = PBXFrameworksBuildPhase;
			buildActionMask = 2147483647;
			files = (
			);
			runOnlyForDeploymentPostprocessing = 0;
		};
/* End PBXFrameworksBuildPhase section */

/* Begin PBXGroup section */
		EC5855AD2A0E755E00CDBEF5 /* Model */ = {
			isa = PBXGroup;
			children = (
				EC5855AE2A0E757A00CDBEF5 /* VegetableModel.swift */,
			);
			path = Model;
			sourceTree = "<group>";
		};
		EC5855B02A0E766E00CDBEF5 /* Data */ = {
			isa = PBXGroup;
			children = (
				EC5855B12A0E767E00CDBEF5 /* VegetableData.swift */,
			);
			path = Data;
			sourceTree = "<group>";
		};
		ECCAF74A2A0E183100FA84E5 = {
			isa = PBXGroup;
			children = (
				ECCAF7552A0E183100FA84E5 /* ThirdApp */,
				ECCAF7542A0E183100FA84E5 /* Products */,
			);
			sourceTree = "<group>";
		};
		ECCAF7542A0E183100FA84E5 /* Products */ = {
			isa = PBXGroup;
			children = (
				ECCAF7532A0E183100FA84E5 /* ThirdApp.app */,
			);
			name = Products;
			sourceTree = "<group>";
		};
		ECCAF7552A0E183100FA84E5 /* ThirdApp */ = {
			isa = PBXGroup;
			children = (
				EC5855B02A0E766E00CDBEF5 /* Data */,
				EC5855AD2A0E755E00CDBEF5 /* Model */,
				ECCAF7652A0E22A300FA84E5 /* View */,
				ECCAF7642A0E229100FA84E5 /* App */,
				ECCAF75A2A0E183300FA84E5 /* Assets.xcassets */,
				ECCAF75C2A0E183300FA84E5 /* Preview Content */,
			);
			path = ThirdApp;
			sourceTree = "<group>";
		};
		ECCAF75C2A0E183300FA84E5 /* Preview Content */ = {
			isa = PBXGroup;
			children = (
				ECCAF75D2A0E183300FA84E5 /* Preview Assets.xcassets */,
			);
			path = "Preview Content";
			sourceTree = "<group>";
		};
		ECCAF7642A0E229100FA84E5 /* App */ = {
			isa = PBXGroup;
			children = (
				ECCAF7562A0E183100FA84E5 /* ThirdAppApp.swift */,
				ECCAF7582A0E183100FA84E5 /* ContentView.swift */,
				EC16A1652A0EB5880053FED7 /* VegetableDetailView.swift */,
			);
			path = App;
			sourceTree = "<group>";
		};
		ECCAF7652A0E22A300FA84E5 /* View */ = {
			isa = PBXGroup;
			children = (
				ECCAF7662A0E22E400FA84E5 /* VegetableCardView.swift */,
				ECCAF7682A0E2AE100FA84E5 /* StartButtonView.swift */,
				EC5855AB2A0E734100CDBEF5 /* OnBoardingView.swift */,
				EC5855B32A0E8A1100CDBEF5 /* VegetableRowView.swift */,
			);
			path = View;
			sourceTree = "<group>";
		};
/* End PBXGroup section */

/* Begin PBXNativeTarget section */
		ECCAF7522A0E183100FA84E5 /* ThirdApp */ = {
			isa = PBXNativeTarget;
			buildConfigurationList = ECCAF7612A0E183300FA84E5 /* Build configuration list for PBXNativeTarget "ThirdApp" */;
			buildPhases = (
				ECCAF74F2A0E183100FA84E5 /* Sources */,
				ECCAF7502A0E183100FA84E5 /* Frameworks */,
				ECCAF7512A0E183100FA84E5 /* Resources */,
			);
			buildRules = (
			);
			dependencies = (
			);
			name = ThirdApp;
			productName = ThirdApp;
			productReference = ECCAF7532A0E183100FA84E5 /* ThirdApp.app */;
			productType = "com.apple.product-type.application";
		};
/* End PBXNativeTarget section */

/* Begin PBXProject section */
		ECCAF74B2A0E183100FA84E5 /* Project object */ = {
			isa = PBXProject;
			attributes = {
				BuildIndependentTargetsInParallel = 1;
				LastSwiftUpdateCheck = 1430;
				LastUpgradeCheck = 1430;
				TargetAttributes = {
					ECCAF7522A0E183100FA84E5 = {
						CreatedOnToolsVersion = 14.3;
					};
				};
			};
			buildConfigurationList = ECCAF74E2A0E183100FA84E5 /* Build configuration list for PBXProject "ThirdApp" */;
			compatibilityVersion = "Xcode 14.0";
			developmentRegion = en;
			hasScannedForEncodings = 0;
			knownRegions = (
				en,
				Base,
			);
			mainGroup = ECCAF74A2A0E183100FA84E5;
			productRefGroup = ECCAF7542A0E183100FA84E5 /* Products */;
			projectDirPath = "";
			projectRoot = "";
			targets = (
				ECCAF7522A0E183100FA84E5 /* ThirdApp */,
			);
		};
/* End PBXProject section */

/* Begin PBXResourcesBuildPhase section */
		ECCAF7512A0E183100FA84E5 /* Resources */ = {
			isa = PBXResourcesBuildPhase;
			buildActionMask = 2147483647;
			files = (
				ECCAF75E2A0E183300FA84E5 /* Preview Assets.xcassets in Resources */,
				ECCAF75B2A0E183300FA84E5 /* Assets.xcassets in Resources */,
			);
			runOnlyForDeploymentPostprocessing = 0;
		};
/* End PBXResourcesBuildPhase section */

/* Begin PBXSourcesBuildPhase section */
		ECCAF74F2A0E183100FA84E5 /* Sources */ = {
			isa = PBXSourcesBuildPhase;
			buildActionMask = 2147483647;
			files = (
				ECCAF7592A0E183100FA84E5 /* ContentView.swift in Sources */,
				ECCAF7692A0E2AE100FA84E5 /* StartButtonView.swift in Sources */,
				ECCAF7672A0E22E400FA84E5 /* VegetableCardView.swift in Sources */,
				EC5855B42A0E8A1100CDBEF5 /* VegetableRowView.swift in Sources */,
				EC5855AF2A0E757A00CDBEF5 /* VegetableModel.swift in Sources */,
				EC5855B22A0E767E00CDBEF5 /* VegetableData.swift in Sources */,
				EC5855AC2A0E734100CDBEF5 /* OnBoardingView.swift in Sources */,
				EC16A1662A0EB5880053FED7 /* VegetableDetailView.swift in Sources */,
				ECCAF7572A0E183100FA84E5 /* ThirdAppApp.swift in Sources */,
			);
			runOnlyForDeploymentPostprocessing = 0;
		};
/* End PBXSourcesBuildPhase section */

/* Begin XCBuildConfiguration section */
		ECCAF75F2A0E183300FA84E5 /* Debug */ = {
			isa = XCBuildConfiguration;
			buildSettings = {
				ALWAYS_SEARCH_USER_PATHS = NO;
				CLANG_ANALYZER_NONNULL = YES;
				CLANG_ANALYZER_NUMBER_OBJECT_CONVERSION = YES_AGGRESSIVE;
				CLANG_CXX_LANGUAGE_STANDARD = "gnu++20";
				CLANG_ENABLE_MODULES = YES;
				CLANG_ENABLE_OBJC_ARC = YES;
				CLANG_ENABLE_OBJC_WEAK = YES;
				CLANG_WARN_BLOCK_CAPTURE_AUTORELEASING = YES;
				CLANG_WARN_BOOL_CONVERSION = YES;
				CLANG_WARN_COMMA = YES;
				CLANG_WARN_CONSTANT_CONVERSION = YES;
				CLANG_WARN_DEPRECATED_OBJC_IMPLEMENTATIONS = YES;
				CLANG_WARN_DIRECT_OBJC_ISA_USAGE = YES_ERROR;
				CLANG_WARN_DOCUMENTATION_COMMENTS = YES;
				CLANG_WARN_EMPTY_BODY = YES;
				CLANG_WARN_ENUM_CONVERSION = YES;
				CLANG_WARN_INFINITE_RECURSION = YES;
				CLANG_WARN_INT_CONVERSION = YES;
				CLANG_WARN_NON_LITERAL_NULL_CONVERSION = YES;
				CLANG_WARN_OBJC_IMPLICIT_RETAIN_SELF = YES;
				CLANG_WARN_OBJC_LITERAL_CONVERSION = YES;
				CLANG_WARN_OBJC_ROOT_CLASS = YES_ERROR;
				CLANG_WARN_QUOTED_INCLUDE_IN_FRAMEWORK_HEADER = YES;
				CLANG_WARN_RANGE_LOOP_ANALYSIS = YES;
				CLANG_WARN_STRICT_PROTOTYPES = YES;
				CLANG_WARN_SUSPICIOUS_MOVE = YES;
				CLANG_WARN_UNGUARDED_AVAILABILITY = YES_AGGRESSIVE;
				CLANG_WARN_UNREACHABLE_CODE = YES;
				CLANG_WARN__DUPLICATE_METHOD_MATCH = YES;
				COPY_PHASE_STRIP = NO;
				DEBUG_INFORMATION_FORMAT = dwarf;
				ENABLE_STRICT_OBJC_MSGSEND = YES;
				ENABLE_TESTABILITY = YES;
				GCC_C_LANGUAGE_STANDARD = gnu11;
				GCC_DYNAMIC_NO_PIC = NO;
				GCC_NO_COMMON_BLOCKS = YES;
				GCC_OPTIMIZATION_LEVEL = 0;
				GCC_PREPROCESSOR_DEFINITIONS = (
					"DEBUG=1",
					"$(inherited)",
				);
				GCC_WARN_64_TO_32_BIT_CONVERSION = YES;
				GCC_WARN_ABOUT_RETURN_TYPE = YES_ERROR;
				GCC_WARN_UNDECLARED_SELECTOR = YES;
				GCC_WARN_UNINITIALIZED_AUTOS = YES_AGGRESSIVE;
				GCC_WARN_UNUSED_FUNCTION = YES;
				GCC_WARN_UNUSED_VARIABLE = YES;
				IPHONEOS_DEPLOYMENT_TARGET = 16.4;
				MTL_ENABLE_DEBUG_INFO = INCLUDE_SOURCE;
				MTL_FAST_MATH = YES;
				ONLY_ACTIVE_ARCH = YES;
				SDKROOT = iphoneos;
				SWIFT_ACTIVE_COMPILATION_CONDITIONS = DEBUG;
				SWIFT_OPTIMIZATION_LEVEL = "-Onone";
			};
			name = Debug;
		};
		ECCAF7602A0E183300FA84E5 /* Release */ = {
			isa = XCBuildConfiguration;
			buildSettings = {
				ALWAYS_SEARCH_USER_PATHS = NO;
				CLANG_ANALYZER_NONNULL = YES;
				CLANG_ANALYZER_NUMBER_OBJECT_CONVERSION = YES_AGGRESSIVE;
				CLANG_CXX_LANGUAGE_STANDARD = "gnu++20";
				CLANG_ENABLE_MODULES = YES;
				CLANG_ENABLE_OBJC_ARC = YES;
				CLANG_ENABLE_OBJC_WEAK = YES;
				CLANG_WARN_BLOCK_CAPTURE_AUTORELEASING = YES;
				CLANG_WARN_BOOL_CONVERSION = YES;
				CLANG_WARN_COMMA = YES;
				CLANG_WARN_CONSTANT_CONVERSION = YES;
				CLANG_WARN_DEPRECATED_OBJC_IMPLEMENTATIONS = YES;
				CLANG_WARN_DIRECT_OBJC_ISA_USAGE = YES_ERROR;
				CLANG_WARN_DOCUMENTATION_COMMENTS = YES;
				CLANG_WARN_EMPTY_BODY = YES;
				CLANG_WARN_ENUM_CONVERSION = YES;
				CLANG_WARN_INFINITE_RECURSION = YES;
				CLANG_WARN_INT_CONVERSION = YES;
				CLANG_WARN_NON_LITERAL_NULL_CONVERSION = YES;
				CLANG_WARN_OBJC_IMPLICIT_RETAIN_SELF = YES;
				CLANG_WARN_OBJC_LITERAL_CONVERSION = YES;
				CLANG_WARN_OBJC_ROOT_CLASS = YES_ERROR;
				CLANG_WARN_QUOTED_INCLUDE_IN_FRAMEWORK_HEADER = YES;
				CLANG_WARN_RANGE_LOOP_ANALYSIS = YES;
				CLANG_WARN_STRICT_PROTOTYPES = YES;
				CLANG_WARN_SUSPICIOUS_MOVE = YES;
				CLANG_WARN_UNGUARDED_AVAILABILITY = YES_AGGRESSIVE;
				CLANG_WARN_UNREACHABLE_CODE = YES;
				CLANG_WARN__DUPLICATE_METHOD_MATCH = YES;
				COPY_PHASE_STRIP = NO;
				DEBUG_INFORMATION_FORMAT = "dwarf-with-dsym";
				ENABLE_NS_ASSERTIONS = NO;
				ENABLE_STRICT_OBJC_MSGSEND = YES;
				GCC_C_LANGUAGE_STANDARD = gnu11;
				GCC_NO_COMMON_BLOCKS = YES;
				GCC_WARN_64_TO_32_BIT_CONVERSION = YES;
				GCC_WARN_ABOUT_RETURN_TYPE = YES_ERROR;
				GCC_WARN_UNDECLARED_SELECTOR = YES;
				GCC_WARN_UNINITIALIZED_AUTOS = YES_AGGRESSIVE;
				GCC_WARN_UNUSED_FUNCTION = YES;
				GCC_WARN_UNUSED_VARIABLE = YES;
				IPHONEOS_DEPLOYMENT_TARGET = 16.4;
				MTL_ENABLE_DEBUG_INFO = NO;
				MTL_FAST_MATH = YES;
				SDKROOT = iphoneos;
				SWIFT_COMPILATION_MODE = wholemodule;
				SWIFT_OPTIMIZATION_LEVEL = "-O";
				VALIDATE_PRODUCT = YES;
			};
			name = Release;
		};
		ECCAF7622A0E183300FA84E5 /* Debug */ = {
			isa = XCBuildConfiguration;
			buildSettings = {
				ASSETCATALOG_COMPILER_APPICON_NAME = AppIcon;
				ASSETCATALOG_COMPILER_GLOBAL_ACCENT_COLOR_NAME = AccentColor;
				CODE_SIGN_STYLE = Automatic;
				CURRENT_PROJECT_VERSION = 1;
				DEVELOPMENT_ASSET_PATHS = "\"ThirdApp/Preview Content\"";
				DEVELOPMENT_TEAM = NP4C4J4AJC;
				ENABLE_PREVIEWS = YES;
				GENERATE_INFOPLIST_FILE = YES;
				INFOPLIST_KEY_UIApplicationSceneManifest_Generation = YES;
				INFOPLIST_KEY_UIApplicationSupportsIndirectInputEvents = YES;
				INFOPLIST_KEY_UILaunchScreen_Generation = YES;
				INFOPLIST_KEY_UISupportedInterfaceOrientations_iPad = "UIInterfaceOrientationPortrait UIInterfaceOrientationPortraitUpsideDown UIInterfaceOrientationLandscapeLeft UIInterfaceOrientationLandscapeRight";
				INFOPLIST_KEY_UISupportedInterfaceOrientations_iPhone = "UIInterfaceOrientationPortrait UIInterfaceOrientationLandscapeLeft UIInterfaceOrientationLandscapeRight";
				LD_RUNPATH_SEARCH_PATHS = (
					"$(inherited)",
					"@executable_path/Frameworks",
				);
				MARKETING_VERSION = 1.0;
				PRODUCT_BUNDLE_IDENTIFIER = cn.zemise.ThirdApp;
				PRODUCT_NAME = "$(TARGET_NAME)";
				SUPPORTED_PLATFORMS = "iphoneos iphonesimulator";
				SUPPORTS_MACCATALYST = NO;
				SUPPORTS_MAC_DESIGNED_FOR_IPHONE_IPAD = YES;
				SWIFT_EMIT_LOC_STRINGS = YES;
				SWIFT_VERSION = 5.0;
				TARGETED_DEVICE_FAMILY = "1,2";
			};
			name = Debug;
		};
		ECCAF7632A0E183300FA84E5 /* Release */ = {
			isa = XCBuildConfiguration;
			buildSettings = {
				ASSETCATALOG_COMPILER_APPICON_NAME = AppIcon;
				ASSETCATALOG_COMPILER_GLOBAL_ACCENT_COLOR_NAME = AccentColor;
				CODE_SIGN_STYLE = Automatic;
				CURRENT_PROJECT_VERSION = 1;
				DEVELOPMENT_ASSET_PATHS = "\"ThirdApp/Preview Content\"";
				DEVELOPMENT_TEAM = NP4C4J4AJC;
				ENABLE_PREVIEWS = YES;
				GENERATE_INFOPLIST_FILE = YES;
				INFOPLIST_KEY_UIApplicationSceneManifest_Generation = YES;
				INFOPLIST_KEY_UIApplicationSupportsIndirectInputEvents = YES;
				INFOPLIST_KEY_UILaunchScreen_Generation = YES;
				INFOPLIST_KEY_UISupportedInterfaceOrientations_iPad = "UIInterfaceOrientationPortrait UIInterfaceOrientationPortraitUpsideDown UIInterfaceOrientationLandscapeLeft UIInterfaceOrientationLandscapeRight";
				INFOPLIST_KEY_UISupportedInterfaceOrientations_iPhone = "UIInterfaceOrientationPortrait UIInterfaceOrientationLandscapeLeft UIInterfaceOrientationLandscapeRight";
				LD_RUNPATH_SEARCH_PATHS = (
					"$(inherited)",
					"@executable_path/Frameworks",
				);
				MARKETING_VERSION = 1.0;
				PRODUCT_BUNDLE_IDENTIFIER = cn.zemise.ThirdApp;
				PRODUCT_NAME = "$(TARGET_NAME)";
				SUPPORTED_PLATFORMS = "iphoneos iphonesimulator";
				SUPPORTS_MACCATALYST = NO;
				SUPPORTS_MAC_DESIGNED_FOR_IPHONE_IPAD = YES;
				SWIFT_EMIT_LOC_STRINGS = YES;
				SWIFT_VERSION = 5.0;
				TARGETED_DEVICE_FAMILY = "1,2";
			};
			name = Release;
		};
/* End XCBuildConfiguration section */

/* Begin XCConfigurationList section */
		ECCAF74E2A0E183100FA84E5 /* Build configuration list for PBXProject "ThirdApp" */ = {
			isa = XCConfigurationList;
			buildConfigurations = (
				ECCAF75F2A0E183300FA84E5 /* Debug */,
				ECCAF7602A0E183300FA84E5 /* Release */,
			);
			defaultConfigurationIsVisible = 0;
			defaultConfigurationName = Release;
		};
		ECCAF7612A0E183300FA84E5 /* Build configuration list for PBXNativeTarget "ThirdApp" */ = {
			isa = XCConfigurationList;
			buildConfigurations = (
				ECCAF7622A0E183300FA84E5 /* Debug */,
				ECCAF7632A0E183300FA84E5 /* Release */,
			);
			defaultConfigurationIsVisible = 0;
			defaultConfigurationName = Release;
		};
/* End XCConfigurationList section */
	};
	rootObject = ECCAF74B2A0E183100FA84E5 /* Project object */;
}
